
Microsoft Visual Studio Solution File, Format Version 12.00
# Visual Studio Version 17
VisualStudioVersion = 17.4.33103.184
MinimumVisualStudioVersion = 10.0.40219.1
Project("{FAE04EC0-301F-11D3-BF4B-00C04F79EFBC}") = "FixProcessList", "FixProcessList\FixProcessList.csproj", "{7222F708-F723-4FCF-A328-2F395EB6CD59}"
EndProject
Global
	GlobalSection(SolutionConfigurationPlatforms) = preSolution
		Debug|Any CPU = Debug|Any CPU
		Release|Any CPU = Release|Any CPU
	EndGlobalSection
	GlobalSection(ProjectConfigurationPlatforms) = postSolution
		{7222F708-F723-4FCF-A328-2F395EB6CD59}.Debug|Any CPU.ActiveCfg = Debug|Any CPU
		{7222F708-F723-4FCF-A328-2F395EB6CD59}.Debug|Any CPU.Build.0 = Debug|Any CPU
		{7222F708-F723-4FCF-A328-2F395EB6CD59}.Release|Any CPU.ActiveCfg = Release|Any CPU
		{7222F708-F723-4FCF-A328-2F395EB6CD59}.Release|Any CPU.Build.0 = Release|Any CPU
	EndGlobalSection
	GlobalSection(SolutionProperties) = preSolution
		HideSolutionNode = FALSE
	EndGlobalSection
	GlobalSection(ExtensibilityGlobals) = postSolution
		SolutionGuid = {79492CBA-FF38-4199-AFC2-9FCD45E99361}
	EndGlobalSection
EndGlobal
